
Microsoft Visual Studio Solution File, Format Version 12.00
# Visual Studio Version 17
VisualStudioVersion = 17.13.35931.197 d17.13
MinimumVisualStudioVersion = 10.0.40219.1
Project("{FAE04EC0-301F-11D3-BF4B-00C04F79EFBC}") = "SoapKlient", "SoapKlient.csproj", "{54108A29-624A-4557-9EFC-7116C25BC9DC}"
EndProject
Global
	GlobalSection(SolutionConfigurationPlatforms) = preSolution
		Debug|Any CPU = Debug|Any CPU
		Release|Any CPU = Release|Any CPU
	EndGlobalSection
	GlobalSection(ProjectConfigurationPlatforms) = postSolution
		{54108A29-624A-4557-9EFC-7116C25BC9DC}.Debug|Any CPU.ActiveCfg = Debug|Any CPU
		{54108A29-624A-4557-9EFC-7116C25BC9DC}.Debug|Any CPU.Build.0 = Debug|Any CPU
		{54108A29-624A-4557-9EFC-7116C25BC9DC}.Release|Any CPU.ActiveCfg = Release|Any CPU
		{54108A29-624A-4557-9EFC-7116C25BC9DC}.Release|Any CPU.Build.0 = Release|Any CPU
	EndGlobalSection
	GlobalSection(SolutionProperties) = preSolution
		HideSolutionNode = FALSE
	EndGlobalSection
	GlobalSection(ExtensibilityGlobals) = postSolution
		SolutionGuid = {1FD41567-95F8-49AF-92F3-A235DF9A93F2}
	EndGlobalSection
EndGlobal
